
Microsoft Visual Studio Solution File, Format Version 12.00
# Visual Studio Version 16
VisualStudioVersion = 16.0.30011.22
MinimumVisualStudioVersion = 10.0.40219.1
Project("{FAE04EC0-301F-11D3-BF4B-00C04F79EFBC}") = "Lab5_6", "Lab5_6.csproj", "{21C5B25E-4E2A-4446-AB83-47C7EE6B7065}"
EndProject
Global
	GlobalSection(SolutionConfigurationPlatforms) = preSolution
		Debug|Any CPU = Debug|Any CPU
		Release|Any CPU = Release|Any CPU
	EndGlobalSection
	GlobalSection(ProjectConfigurationPlatforms) = postSolution
		{21C5B25E-4E2A-4446-AB83-47C7EE6B7065}.Debug|Any CPU.ActiveCfg = Debug|Any CPU
		{21C5B25E-4E2A-4446-AB83-47C7EE6B7065}.Debug|Any CPU.Build.0 = Debug|Any CPU
		{21C5B25E-4E2A-4446-AB83-47C7EE6B7065}.Release|Any CPU.ActiveCfg = Release|Any CPU
		{21C5B25E-4E2A-4446-AB83-47C7EE6B7065}.Release|Any CPU.Build.0 = Release|Any CPU
	EndGlobalSection
	GlobalSection(SolutionProperties) = preSolution
		HideSolutionNode = FALSE
	EndGlobalSection
	GlobalSection(ExtensibilityGlobals) = postSolution
		SolutionGuid = {BB3FDFDA-5A8E-49A0-82A3-DC72383E2F7C}
	EndGlobalSection
EndGlobal
